
Microsoft Visual Studio Solution File, Format Version 12.00
# Visual Studio 14
VisualStudioVersion = 14.0.24720.0
MinimumVisualStudioVersion = 10.0.40219.1
Project("{FAE04EC0-301F-11D3-BF4B-00C04F79EFBC}") = "Tehtava1", "Tehtava1\Tehtava1.csproj", "{BBFDB3F8-2232-4C51-A154-1DFFF2E75FE7}"
EndProject
Project("{FAE04EC0-301F-11D3-BF4B-00C04F79EFBC}") = "H1MediaPlayer", "H1MediaPlayer\H1MediaPlayer.csproj", "{CC94BEC2-3213-4912-B73A-226BEF018CCE}"
EndProject
Project("{FAE04EC0-301F-11D3-BF4B-00C04F79EFBC}") = "Tehtava2", "Tehtava2\Tehtava2.csproj", "{302494BE-ECD5-4046-82A3-DC66DE53A293}"
EndProject
Project("{FAE04EC0-301F-11D3-BF4B-00C04F79EFBC}") = "H3MittausData", "H3MittausData\H3MittausData.csproj", "{8E18F019-4FFD-4202-9C73-0EA0DAE3521B}"
EndProject
Project("{FAE04EC0-301F-11D3-BF4B-00C04F79EFBC}") = "Tehtava3", "Tehtava3\Tehtava3.csproj", "{DFA6F36B-FC0A-40DF-A341-9C44B45F1908}"
EndProject
Project("{FAE04EC0-301F-11D3-BF4B-00C04F79EFBC}") = "Tehtava4", "Tehtava4\Tehtava4.csproj", "{47148EA5-A000-4EEC-A47D-3AEE741519C8}"
EndProject
Project("{FAE04EC0-301F-11D3-BF4B-00C04F79EFBC}") = "H4TyontekijatConsole", "H4TyontekijatConsole\H4TyontekijatConsole.csproj", "{C98C35A8-D7FF-446A-9B51-737287C4EA5A}"
EndProject
Project("{FAE04EC0-301F-11D3-BF4B-00C04F79EFBC}") = "H4TyontekijatWPF", "H4TyontekijatWPF\H4TyontekijatWPF.csproj", "{E4D3798C-8FD7-4409-AC1B-8753899D2334}"
EndProject
Project("{FAE04EC0-301F-11D3-BF4B-00C04F79EFBC}") = "Tehtava5A", "Tehtava5A\Tehtava5A.csproj", "{3122D877-6E85-4529-8ED5-74EB9B66838A}"
EndProject
Project("{FAE04EC0-301F-11D3-BF4B-00C04F79EFBC}") = "H5Movies", "H5Movies\H5Movies.csproj", "{C8617C06-718E-45CD-8531-D00F5482ECBD}"
EndProject
Project("{FAE04EC0-301F-11D3-BF4B-00C04F79EFBC}") = "Tehtava6A", "Tehtava6A\Tehtava6A.csproj", "{AF8719E1-6F33-4C6D-BE8A-EFA0298BCD7D}"
EndProject
Global
	GlobalSection(SolutionConfigurationPlatforms) = preSolution
		Debug|Any CPU = Debug|Any CPU
		Release|Any CPU = Release|Any CPU
	EndGlobalSection
	GlobalSection(ProjectConfigurationPlatforms) = postSolution
		{BBFDB3F8-2232-4C51-A154-1DFFF2E75FE7}.Debug|Any CPU.ActiveCfg = Debug|Any CPU
		{BBFDB3F8-2232-4C51-A154-1DFFF2E75FE7}.Debug|Any CPU.Build.0 = Debug|Any CPU
		{BBFDB3F8-2232-4C51-A154-1DFFF2E75FE7}.Release|Any CPU.ActiveCfg = Release|Any CPU
		{BBFDB3F8-2232-4C51-A154-1DFFF2E75FE7}.Release|Any CPU.Build.0 = Release|Any CPU
		{CC94BEC2-3213-4912-B73A-226BEF018CCE}.Debug|Any CPU.ActiveCfg = Debug|Any CPU
		{CC94BEC2-3213-4912-B73A-226BEF018CCE}.Debug|Any CPU.Build.0 = Debug|Any CPU
		{CC94BEC2-3213-4912-B73A-226BEF018CCE}.Release|Any CPU.ActiveCfg = Release|Any CPU
		{CC94BEC2-3213-4912-B73A-226BEF018CCE}.Release|Any CPU.Build.0 = Release|Any CPU
		{302494BE-ECD5-4046-82A3-DC66DE53A293}.Debug|Any CPU.ActiveCfg = Debug|Any CPU
		{302494BE-ECD5-4046-82A3-DC66DE53A293}.Debug|Any CPU.Build.0 = Debug|Any CPU
		{302494BE-ECD5-4046-82A3-DC66DE53A293}.Release|Any CPU.ActiveCfg = Release|Any CPU
		{302494BE-ECD5-4046-82A3-DC66DE53A293}.Release|Any CPU.Build.0 = Release|Any CPU
		{8E18F019-4FFD-4202-9C73-0EA0DAE3521B}.Debug|Any CPU.ActiveCfg = Debug|Any CPU
		{8E18F019-4FFD-4202-9C73-0EA0DAE3521B}.Debug|Any CPU.Build.0 = Debug|Any CPU
		{8E18F019-4FFD-4202-9C73-0EA0DAE3521B}.Release|Any CPU.ActiveCfg = Release|Any CPU
		{8E18F019-4FFD-4202-9C73-0EA0DAE3521B}.Release|Any CPU.Build.0 = Release|Any CPU
		{DFA6F36B-FC0A-40DF-A341-9C44B45F1908}.Debug|Any CPU.ActiveCfg = Debug|Any CPU
		{DFA6F36B-FC0A-40DF-A341-9C44B45F1908}.Debug|Any CPU.Build.0 = Debug|Any CPU
		{DFA6F36B-FC0A-40DF-A341-9C44B45F1908}.Release|Any CPU.ActiveCfg = Release|Any CPU
		{DFA6F36B-FC0A-40DF-A341-9C44B45F1908}.Release|Any CPU.Build.0 = Release|Any CPU
		{47148EA5-A000-4EEC-A47D-3AEE741519C8}.Debug|Any CPU.ActiveCfg = Debug|Any CPU
		{47148EA5-A000-4EEC-A47D-3AEE741519C8}.Debug|Any CPU.Build.0 = Debug|Any CPU
		{47148EA5-A000-4EEC-A47D-3AEE741519C8}.Release|Any CPU.ActiveCfg = Release|Any CPU
		{47148EA5-A000-4EEC-A47D-3AEE741519C8}.Release|Any CPU.Build.0 = Release|Any CPU
		{C98C35A8-D7FF-446A-9B51-737287C4EA5A}.Debug|Any CPU.ActiveCfg = Debug|Any CPU
		{C98C35A8-D7FF-446A-9B51-737287C4EA5A}.Debug|Any CPU.Build.0 = Debug|Any CPU
		{C98C35A8-D7FF-446A-9B51-737287C4EA5A}.Release|Any CPU.ActiveCfg = Release|Any CPU
		{C98C35A8-D7FF-446A-9B51-737287C4EA5A}.Release|Any CPU.Build.0 = Release|Any CPU
		{E4D3798C-8FD7-4409-AC1B-8753899D2334}.Debug|Any CPU.ActiveCfg = Debug|Any CPU
		{E4D3798C-8FD7-4409-AC1B-8753899D2334}.Debug|Any CPU.Build.0 = Debug|Any CPU
		{E4D3798C-8FD7-4409-AC1B-8753899D2334}.Release|Any CPU.ActiveCfg = Release|Any CPU
		{E4D3798C-8FD7-4409-AC1B-8753899D2334}.Release|Any CPU.Build.0 = Release|Any CPU
		{3122D877-6E85-4529-8ED5-74EB9B66838A}.Debug|Any CPU.ActiveCfg = Debug|Any CPU
		{3122D877-6E85-4529-8ED5-74EB9B66838A}.Debug|Any CPU.Build.0 = Debug|Any CPU
		{3122D877-6E85-4529-8ED5-74EB9B66838A}.Release|Any CPU.ActiveCfg = Release|Any CPU
		{3122D877-6E85-4529-8ED5-74EB9B66838A}.Release|Any CPU.Build.0 = Release|Any CPU
		{C8617C06-718E-45CD-8531-D00F5482ECBD}.Debug|Any CPU.ActiveCfg = Debug|Any CPU
		{C8617C06-718E-45CD-8531-D00F5482ECBD}.Debug|Any CPU.Build.0 = Debug|Any CPU
		{C8617C06-718E-45CD-8531-D00F5482ECBD}.Release|Any CPU.ActiveCfg = Release|Any CPU
		{C8617C06-718E-45CD-8531-D00F5482ECBD}.Release|Any CPU.Build.0 = Release|Any CPU
		{AF8719E1-6F33-4C6D-BE8A-EFA0298BCD7D}.Debug|Any CPU.ActiveCfg = Debug|Any CPU
		{AF8719E1-6F33-4C6D-BE8A-EFA0298BCD7D}.Debug|Any CPU.Build.0 = Debug|Any CPU
		{AF8719E1-6F33-4C6D-BE8A-EFA0298BCD7D}.Release|Any CPU.ActiveCfg = Release|Any CPU
		{AF8719E1-6F33-4C6D-BE8A-EFA0298BCD7D}.Release|Any CPU.Build.0 = Release|Any CPU
	EndGlobalSection
	GlobalSection(SolutionProperties) = preSolution
		HideSolutionNode = FALSE
	EndGlobalSection
EndGlobal
